
Microsoft Visual Studio Solution File, Format Version 12.00
# Visual Studio 15
Project("{FAE04EC0-301F-11D3-BF4B-00C04F79EFBC}") = "Assembly-CSharp-Editor", "Assembly-CSharp-Editor.csproj", "{4B4CC9FC-0A23-C1A2-556F-DC62E64C3A96}"
EndProject
Project("{FAE04EC0-301F-11D3-BF4B-00C04F79EFBC}") = "Assembly-CSharp", "Assembly-CSharp.csproj", "{0200C0F8-CE85-7A37-B74D-194B8FA5AC63}"
EndProject
Global
	GlobalSection(SolutionConfigurationPlatforms) = preSolution
		Debug|Any CPU = Debug|Any CPU
		Release|Any CPU = Release|Any CPU
	EndGlobalSection
	GlobalSection(ProjectConfigurationPlatforms) = postSolution
		{4B4CC9FC-0A23-C1A2-556F-DC62E64C3A96}.Debug|Any CPU.ActiveCfg = Debug|Any CPU
		{4B4CC9FC-0A23-C1A2-556F-DC62E64C3A96}.Debug|Any CPU.Build.0 = Debug|Any CPU
		{4B4CC9FC-0A23-C1A2-556F-DC62E64C3A96}.Release|Any CPU.ActiveCfg = Release|Any CPU
		{4B4CC9FC-0A23-C1A2-556F-DC62E64C3A96}.Release|Any CPU.Build.0 = Release|Any CPU
		{0200C0F8-CE85-7A37-B74D-194B8FA5AC63}.Debug|Any CPU.ActiveCfg = Debug|Any CPU
		{0200C0F8-CE85-7A37-B74D-194B8FA5AC63}.Debug|Any CPU.Build.0 = Debug|Any CPU
		{0200C0F8-CE85-7A37-B74D-194B8FA5AC63}.Release|Any CPU.ActiveCfg = Release|Any CPU
		{0200C0F8-CE85-7A37-B74D-194B8FA5AC63}.Release|Any CPU.Build.0 = Release|Any CPU
	EndGlobalSection
	GlobalSection(SolutionProperties) = preSolution
		HideSolutionNode = FALSE
	EndGlobalSection
EndGlobal
